// !$*UTF8*$!
{
	archiveVersion = 1;
	classes = {
	};
	objectVersion = 50;
	objects = {

/* Begin PBXBuildFile section */
		CA292DE9241720CB00635588 /* CardView.swift in Sources */ = {isa = PBXBuildFile; fileRef = CA292DE8241720CB00635588 /* CardView.swift */; };
		CA292E0D2419B71300635588 /* CustomerTableViewCell.swift in Sources */ = {isa = PBXBuildFile; fileRef = CA292E0C2419B71300635588 /* CustomerTableViewCell.swift */; };
		CA3571512410766F00ECEDD8 /* CustomerTableViewController.swift in Sources */ = {isa = PBXBuildFile; fileRef = CA3571502410766F00ECEDD8 /* CustomerTableViewController.swift */; };
		CA35719D2411C9D400ECEDD8 /* CustomerList.plist in Resources */ = {isa = PBXBuildFile; fileRef = CA35719C2411C9D400ECEDD8 /* CustomerList.plist */; };
		CA3571C1241210F500ECEDD8 /* Customer.swift in Sources */ = {isa = PBXBuildFile; fileRef = CA3571C0241210F500ECEDD8 /* Customer.swift */; };
		CA3571C32412120D00ECEDD8 /* CustomerDetailsViewController.swift in Sources */ = {isa = PBXBuildFile; fileRef = CA3571C22412120D00ECEDD8 /* CustomerDetailsViewController.swift */; };
		CA3571E724142C3D00ECEDD8 /* DataStorageSingleton.swift in Sources */ = {isa = PBXBuildFile; fileRef = CA3571E624142C3D00ECEDD8 /* DataStorageSingleton.swift */; };
		CA53C927241B7D37005C07E5 /* BillDetailsViewController.swift in Sources */ = {isa = PBXBuildFile; fileRef = CA53C926241B7D37005C07E5 /* BillDetailsViewController.swift */; };
		CA819006240F1B6200F026E4 /* AppDelegate.swift in Sources */ = {isa = PBXBuildFile; fileRef = CA819005240F1B6200F026E4 /* AppDelegate.swift */; };
		CA819008240F1B6200F026E4 /* SceneDelegate.swift in Sources */ = {isa = PBXBuildFile; fileRef = CA819007240F1B6200F026E4 /* SceneDelegate.swift */; };
		CA81900A240F1B6200F026E4 /* LoginViewController.swift in Sources */ = {isa = PBXBuildFile; fileRef = CA819009240F1B6200F026E4 /* LoginViewController.swift */; };
		CA81900D240F1B6200F026E4 /* Main.storyboard in Resources */ = {isa = PBXBuildFile; fileRef = CA81900B240F1B6200F026E4 /* Main.storyboard */; };
		CA81900F240F1B6300F026E4 /* Assets.xcassets in Resources */ = {isa = PBXBuildFile; fileRef = CA81900E240F1B6300F026E4 /* Assets.xcassets */; };
		CA819012240F1B6300F026E4 /* LaunchScreen.storyboard in Resources */ = {isa = PBXBuildFile; fileRef = CA819010240F1B6300F026E4 /* LaunchScreen.storyboard */; };
		CA81903E24106BE500F026E4 /* CustomerAddViewController.swift in Sources */ = {isa = PBXBuildFile; fileRef = CA81903D24106BE500F026E4 /* CustomerAddViewController.swift */; };
		CA834BDB2416F02C003C5836 /* AddBillViewController.swift in Sources */ = {isa = PBXBuildFile; fileRef = CA834BDA2416F02C003C5836 /* AddBillViewController.swift */; };
/* End PBXBuildFile section */

/* Begin PBXFileReference section */
		CA292DE8241720CB00635588 /* CardView.swift */ = {isa = PBXFileReference; lastKnownFileType = sourcecode.swift; path = CardView.swift; sourceTree = "<group>"; };
		CA292E0C2419B71300635588 /* CustomerTableViewCell.swift */ = {isa = PBXFileReference; lastKnownFileType = sourcecode.swift; path = CustomerTableViewCell.swift; sourceTree = "<group>"; };
		CA3571502410766F00ECEDD8 /* CustomerTableViewController.swift */ = {isa = PBXFileReference; lastKnownFileType = sourcecode.swift; path = CustomerTableViewController.swift; sourceTree = "<group>"; };
		CA35719C2411C9D400ECEDD8 /* CustomerList.plist */ = {isa = PBXFileReference; lastKnownFileType = text.plist.xml; path = CustomerList.plist; sourceTree = "<group>"; };
		CA3571C0241210F500ECEDD8 /* Customer.swift */ = {isa = PBXFileReference; lastKnownFileType = sourcecode.swift; path = Customer.swift; sourceTree = "<group>"; };
		CA3571C22412120D00ECEDD8 /* CustomerDetailsViewController.swift */ = {isa = PBXFileReference; lastKnownFileType = sourcecode.swift; path = CustomerDetailsViewController.swift; sourceTree = "<group>"; };
		CA3571E624142C3D00ECEDD8 /* DataStorageSingleton.swift */ = {isa = PBXFileReference; lastKnownFileType = sourcecode.swift; path = DataStorageSingleton.swift; sourceTree = "<group>"; };
		CA53C926241B7D37005C07E5 /* BillDetailsViewController.swift */ = {isa = PBXFileReference; lastKnownFileType = sourcecode.swift; path = BillDetailsViewController.swift; sourceTree = "<group>"; };
		CA819002240F1B6200F026E4 /* C0778923_MidTerm_MAD3115W2020.app */ = {isa = PBXFileReference; explicitFileType = wrapper.application; includeInIndex = 0; path = C0778923_MidTerm_MAD3115W2020.app; sourceTree = BUILT_PRODUCTS_DIR; };
		CA819005240F1B6200F026E4 /* AppDelegate.swift */ = {isa = PBXFileReference; lastKnownFileType = sourcecode.swift; path = AppDelegate.swift; sourceTree = "<group>"; };
		CA819007240F1B6200F026E4 /* SceneDelegate.swift */ = {isa = PBXFileReference; lastKnownFileType = sourcecode.swift; path = SceneDelegate.swift; sourceTree = "<group>"; };
		CA819009240F1B6200F026E4 /* LoginViewController.swift */ = {isa = PBXFileReference; lastKnownFileType = sourcecode.swift; path = LoginViewController.swift; sourceTree = "<group>"; };
		CA81900C240F1B6200F026E4 /* Base */ = {isa = PBXFileReference; lastKnownFileType = file.storyboard; name = Base; path = Base.lproj/Main.storyboard; sourceTree = "<group>"; };
		CA81900E240F1B6300F026E4 /* Assets.xcassets */ = {isa = PBXFileReference; lastKnownFileType = folder.assetcatalog; path = Assets.xcassets; sourceTree = "<group>"; };
		CA819011240F1B6300F026E4 /* Base */ = {isa = PBXFileReference; lastKnownFileType = file.storyboard; name = Base; path = Base.lproj/LaunchScreen.storyboard; sourceTree = "<group>"; };
		CA819013240F1B6300F026E4 /* Info.plist */ = {isa = PBXFileReference; lastKnownFileType = text.plist.xml; path = Info.plist; sourceTree = "<group>"; };
		CA81903D24106BE500F026E4 /* CustomerAddViewController.swift */ = {isa = PBXFileReference; lastKnownFileType = sourcecode.swift; path = CustomerAddViewController.swift; sourceTree = "<group>"; };
		CA834BDA2416F02C003C5836 /* AddBillViewController.swift */ = {isa = PBXFileReference; lastKnownFileType = sourcecode.swift; path = AddBillViewController.swift; sourceTree = "<group>"; };
/* End PBXFileReference section */

/* Begin PBXFrameworksBuildPhase section */
		CA818FFF240F1B6200F026E4 /* Frameworks */ = {
			isa = PBXFrameworksBuildPhase;
			buildActionMask = 2147483647;
			files = (
			);
			runOnlyForDeploymentPostprocessing = 0;
		};
/* End PBXFrameworksBuildPhase section */

/* Begin PBXGroup section */
		CA818FF9240F1B6200F026E4 = {
			isa = PBXGroup;
			children = (
				CA819004240F1B6200F026E4 /* C0778923_MidTerm_MAD3115W2020 */,
				CA819003240F1B6200F026E4 /* Products */,
			);
			sourceTree = "<group>";
		};
		CA819003240F1B6200F026E4 /* Products */ = {
			isa = PBXGroup;
			children = (
				CA819002240F1B6200F026E4 /* C0778923_MidTerm_MAD3115W2020.app */,
			);
			name = Products;
			sourceTree = "<group>";
		};
		CA819004240F1B6200F026E4 /* C0778923_MidTerm_MAD3115W2020 */ = {
			isa = PBXGroup;
			children = (
				CA819005240F1B6200F026E4 /* AppDelegate.swift */,
				CA819007240F1B6200F026E4 /* SceneDelegate.swift */,
				CA819009240F1B6200F026E4 /* LoginViewController.swift */,
				CA81900B240F1B6200F026E4 /* Main.storyboard */,
				CA81900E240F1B6300F026E4 /* Assets.xcassets */,
				CA819010240F1B6300F026E4 /* LaunchScreen.storyboard */,
				CA819013240F1B6300F026E4 /* Info.plist */,
				CA81903D24106BE500F026E4 /* CustomerAddViewController.swift */,
				CA3571502410766F00ECEDD8 /* CustomerTableViewController.swift */,
				CA35719C2411C9D400ECEDD8 /* CustomerList.plist */,
				CA3571C0241210F500ECEDD8 /* Customer.swift */,
				CA3571C22412120D00ECEDD8 /* CustomerDetailsViewController.swift */,
				CA3571E624142C3D00ECEDD8 /* DataStorageSingleton.swift */,
				CA834BDA2416F02C003C5836 /* AddBillViewController.swift */,
				CA292DE8241720CB00635588 /* CardView.swift */,
				CA292E0C2419B71300635588 /* CustomerTableViewCell.swift */,
				CA53C926241B7D37005C07E5 /* BillDetailsViewController.swift */,
			);
			path = C0778923_MidTerm_MAD3115W2020;
			sourceTree = "<group>";
		};
/* End PBXGroup section */

/* Begin PBXNativeTarget section */
		CA819001240F1B6200F026E4 /* C0778923_MidTerm_MAD3115W2020 */ = {
			isa = PBXNativeTarget;
			buildConfigurationList = CA819016240F1B6300F026E4 /* Build configuration list for PBXNativeTarget "C0778923_MidTerm_MAD3115W2020" */;
			buildPhases = (
				CA818FFE240F1B6200F026E4 /* Sources */,
				CA818FFF240F1B6200F026E4 /* Frameworks */,
				CA819000240F1B6200F026E4 /* Resources */,
			);
			buildRules = (
			);
			dependencies = (
			);
			name = C0778923_MidTerm_MAD3115W2020;
			productName = C0778923_MidTerm_MAD3115W2020;
			productReference = CA819002240F1B6200F026E4 /* C0778923_MidTerm_MAD3115W2020.app */;
			productType = "com.apple.product-type.application";
		};
/* End PBXNativeTarget section */

/* Begin PBXProject section */
		CA818FFA240F1B6200F026E4 /* Project object */ = {
			isa = PBXProject;
			attributes = {
				LastSwiftUpdateCheck = 1130;
				LastUpgradeCheck = 1130;
				ORGANIZATIONNAME = "Kritima Kukreja";
				TargetAttributes = {
					CA819001240F1B6200F026E4 = {
						CreatedOnToolsVersion = 11.3.1;
					};
				};
			};
			buildConfigurationList = CA818FFD240F1B6200F026E4 /* Build configuration list for PBXProject "C0778923_MidTerm_MAD3115W2020" */;
			compatibilityVersion = "Xcode 9.3";
			developmentRegion = en;
			hasScannedForEncodings = 0;
			knownRegions = (
				en,
				Base,
			);
			mainGroup = CA818FF9240F1B6200F026E4;
			productRefGroup = CA819003240F1B6200F026E4 /* Products */;
			projectDirPath = "";
			projectRoot = "";
			targets = (
				CA819001240F1B6200F026E4 /* C0778923_MidTerm_MAD3115W2020 */,
			);
		};
/* End PBXProject section */

/* Begin PBXResourcesBuildPhase section */
		CA819000240F1B6200F026E4 /* Resources */ = {
			isa = PBXResourcesBuildPhase;
			buildActionMask = 2147483647;
			files = (
				CA819012240F1B6300F026E4 /* LaunchScreen.storyboard in Resources */,
				CA81900F240F1B6300F026E4 /* Assets.xcassets in Resources */,
				CA35719D2411C9D400ECEDD8 /* CustomerList.plist in Resources */,
				CA81900D240F1B6200F026E4 /* Main.storyboard in Resources */,
			);
			runOnlyForDeploymentPostprocessing = 0;
		};
/* End PBXResourcesBuildPhase section */

/* Begin PBXSourcesBuildPhase section */
		CA818FFE240F1B6200F026E4 /* Sources */ = {
			isa = PBXSourcesBuildPhase;
			buildActionMask = 2147483647;
			files = (
				CA3571512410766F00ECEDD8 /* CustomerTableViewController.swift in Sources */,
				CA3571C1241210F500ECEDD8 /* Customer.swift in Sources */,
				CA81900A240F1B6200F026E4 /* LoginViewController.swift in Sources */,
				CA3571E724142C3D00ECEDD8 /* DataStorageSingleton.swift in Sources */,
				CA292DE9241720CB00635588 /* CardView.swift in Sources */,
				CA819006240F1B6200F026E4 /* AppDelegate.swift in Sources */,
				CA292E0D2419B71300635588 /* CustomerTableViewCell.swift in Sources */,
				CA819008240F1B6200F026E4 /* SceneDelegate.swift in Sources */,
				CA3571C32412120D00ECEDD8 /* CustomerDetailsViewController.swift in Sources */,
				CA81903E24106BE500F026E4 /* CustomerAddViewController.swift in Sources */,
				CA53C927241B7D37005C07E5 /* BillDetailsViewController.swift in Sources */,
				CA834BDB2416F02C003C5836 /* AddBillViewController.swift in Sources */,
			);
			runOnlyForDeploymentPostprocessing = 0;
		};
/* End PBXSourcesBuildPhase section */

/* Begin PBXVariantGroup section */
		CA81900B240F1B6200F026E4 /* Main.storyboard */ = {
			isa = PBXVariantGroup;
			children = (
				CA81900C240F1B6200F026E4 /* Base */,
			);
			name = Main.storyboard;
			sourceTree = "<group>";
		};
		CA819010240F1B6300F026E4 /* LaunchScreen.storyboard */ = {
			isa = PBXVariantGroup;
			children = (
				CA819011240F1B6300F026E4 /* Base */,
			);
			name = LaunchScreen.storyboard;
			sourceTree = "<group>";
		};
/* End PBXVariantGroup section */

/* Begin XCBuildConfiguration section */
		CA819014240F1B6300F026E4 /* Debug */ = {
			isa = XCBuildConfiguration;
			buildSettings = {
				ALWAYS_SEARCH_USER_PATHS = NO;
				CLANG_ANALYZER_NONNULL = YES;
				CLANG_ANALYZER_NUMBER_OBJECT_CONVERSION = YES_AGGRESSIVE;
				CLANG_CXX_LANGUAGE_STANDARD = "gnu++14";
				CLANG_CXX_LIBRARY = "libc++";
				CLANG_ENABLE_MODULES = YES;
				CLANG_ENABLE_OBJC_ARC = YES;
				CLANG_ENABLE_OBJC_WEAK = YES;
				CLANG_WARN_BLOCK_CAPTURE_AUTORELEASING = YES;
				CLANG_WARN_BOOL_CONVERSION = YES;
				CLANG_WARN_COMMA = YES;
				CLANG_WARN_CONSTANT_CONVERSION = YES;
				CLANG_WARN_DEPRECATED_OBJC_IMPLEMENTATIONS = YES;
				CLANG_WARN_DIRECT_OBJC_ISA_USAGE = YES_ERROR;
				CLANG_WARN_DOCUMENTATION_COMMENTS = YES;
				CLANG_WARN_EMPTY_BODY = YES;
				CLANG_WARN_ENUM_CONVERSION = YES;
				CLANG_WARN_INFINITE_RECURSION = YES;
				CLANG_WARN_INT_CONVERSION = YES;
				CLANG_WARN_NON_LITERAL_NULL_CONVERSION = YES;
				CLANG_WARN_OBJC_IMPLICIT_RETAIN_SELF = YES;
				CLANG_WARN_OBJC_LITERAL_CONVERSION = YES;
				CLANG_WARN_OBJC_ROOT_CLASS = YES_ERROR;
				CLANG_WARN_RANGE_LOOP_ANALYSIS = YES;
				CLANG_WARN_STRICT_PROTOTYPES = YES;
				CLANG_WARN_SUSPICIOUS_MOVE = YES;
				CLANG_WARN_UNGUARDED_AVAILABILITY = YES_AGGRESSIVE;
				CLANG_WARN_UNREACHABLE_CODE = YES;
				CLANG_WARN__DUPLICATE_METHOD_MATCH = YES;
				COPY_PHASE_STRIP = NO;
				DEBUG_INFORMATION_FORMAT = dwarf;
				ENABLE_STRICT_OBJC_MSGSEND = YES;
				ENABLE_TESTABILITY = YES;
				GCC_C_LANGUAGE_STANDARD = gnu11;
				GCC_DYNAMIC_NO_PIC = NO;
				GCC_NO_COMMON_BLOCKS = YES;
				GCC_OPTIMIZATION_LEVEL = 0;
				GCC_PREPROCESSOR_DEFINITIONS = (
					"DEBUG=1",
					"$(inherited)",
				);
				GCC_WARN_64_TO_32_BIT_CONVERSION = YES;
				GCC_WARN_ABOUT_RETURN_TYPE = YES_ERROR;
				GCC_WARN_UNDECLARED_SELECTOR = YES;
				GCC_WARN_UNINITIALIZED_AUTOS = YES_AGGRESSIVE;
				GCC_WARN_UNUSED_FUNCTION = YES;
				GCC_WARN_UNUSED_VARIABLE = YES;
				IPHONEOS_DEPLOYMENT_TARGET = 13.2;
				MTL_ENABLE_DEBUG_INFO = INCLUDE_SOURCE;
				MTL_FAST_MATH = YES;
				ONLY_ACTIVE_ARCH = YES;
				SDKROOT = iphoneos;
				SWIFT_ACTIVE_COMPILATION_CONDITIONS = DEBUG;
				SWIFT_OPTIMIZATION_LEVEL = "-Onone";
			};
			name = Debug;
		};
		CA819015240F1B6300F026E4 /* Release */ = {
			isa = XCBuildConfiguration;
			buildSettings = {
				ALWAYS_SEARCH_USER_PATHS = NO;
				CLANG_ANALYZER_NONNULL = YES;
				CLANG_ANALYZER_NUMBER_OBJECT_CONVERSION = YES_AGGRESSIVE;
				CLANG_CXX_LANGUAGE_STANDARD = "gnu++14";
				CLANG_CXX_LIBRARY = "libc++";
				CLANG_ENABLE_MODULES = YES;
				CLANG_ENABLE_OBJC_ARC = YES;
				CLANG_ENABLE_OBJC_WEAK = YES;
				CLANG_WARN_BLOCK_CAPTURE_AUTORELEASING = YES;
				CLANG_WARN_BOOL_CONVERSION = YES;
				CLANG_WARN_COMMA = YES;
				CLANG_WARN_CONSTANT_CONVERSION = YES;
				CLANG_WARN_DEPRECATED_OBJC_IMPLEMENTATIONS = YES;
				CLANG_WARN_DIRECT_OBJC_ISA_USAGE = YES_ERROR;
				CLANG_WARN_DOCUMENTATION_COMMENTS = YES;
				CLANG_WARN_EMPTY_BODY = YES;
				CLANG_WARN_ENUM_CONVERSION = YES;
				CLANG_WARN_INFINITE_RECURSION = YES;
				CLANG_WARN_INT_CONVERSION = YES;
				CLANG_WARN_NON_LITERAL_NULL_CONVERSION = YES;
				CLANG_WARN_OBJC_IMPLICIT_RETAIN_SELF = YES;
				CLANG_WARN_OBJC_LITERAL_CONVERSION = YES;
				CLANG_WARN_OBJC_ROOT_CLASS = YES_ERROR;
				CLANG_WARN_RANGE_LOOP_ANALYSIS = YES;
				CLANG_WARN_STRICT_PROTOTYPES = YES;
				CLANG_WARN_SUSPICIOUS_MOVE = YES;
				CLANG_WARN_UNGUARDED_AVAILABILITY = YES_AGGRESSIVE;
				CLANG_WARN_UNREACHABLE_CODE = YES;
				CLANG_WARN__DUPLICATE_METHOD_MATCH = YES;
				COPY_PHASE_STRIP = NO;
				DEBUG_INFORMATION_FORMAT = "dwarf-with-dsym";
				ENABLE_NS_ASSERTIONS = NO;
				ENABLE_STRICT_OBJC_MSGSEND = YES;
				GCC_C_LANGUAGE_STANDARD = gnu11;
				GCC_NO_COMMON_BLOCKS = YES;
				GCC_WARN_64_TO_32_BIT_CONVERSION = YES;
				GCC_WARN_ABOUT_RETURN_TYPE = YES_ERROR;
				GCC_WARN_UNDECLARED_SELECTOR = YES;
				GCC_WARN_UNINITIALIZED_AUTOS = YES_AGGRESSIVE;
				GCC_WARN_UNUSED_FUNCTION = YES;
				GCC_WARN_UNUSED_VARIABLE = YES;
				IPHONEOS_DEPLOYMENT_TARGET = 13.2;
				MTL_ENABLE_DEBUG_INFO = NO;
				MTL_FAST_MATH = YES;
				SDKROOT = iphoneos;
				SWIFT_COMPILATION_MODE = wholemodule;
				SWIFT_OPTIMIZATION_LEVEL = "-O";
				VALIDATE_PRODUCT = YES;
			};
			name = Release;
		};
		CA819017240F1B6300F026E4 /* Debug */ = {
			isa = XCBuildConfiguration;
			buildSettings = {
				ASSETCATALOG_COMPILER_APPICON_NAME = AppIcon;
				CODE_SIGN_STYLE = Automatic;
				DEVELOPMENT_TEAM = 6L97FT88G6;
				INFOPLIST_FILE = C0778923_MidTerm_MAD3115W2020/Info.plist;
				LD_RUNPATH_SEARCH_PATHS = (
					"$(inherited)",
					"@executable_path/Frameworks",
				);
				PRODUCT_BUNDLE_IDENTIFIER = "com.lambton.C0778923-MidTerm-MAD3115W2020";
				PRODUCT_NAME = "$(TARGET_NAME)";
				SWIFT_VERSION = 5.0;
				TARGETED_DEVICE_FAMILY = "1,2";
			};
			name = Debug;
		};
		CA819018240F1B6300F026E4 /* Release */ = {
			isa = XCBuildConfiguration;
			buildSettings = {
				ASSETCATALOG_COMPILER_APPICON_NAME = AppIcon;
				CODE_SIGN_STYLE = Automatic;
				DEVELOPMENT_TEAM = 6L97FT88G6;
				INFOPLIST_FILE = C0778923_MidTerm_MAD3115W2020/Info.plist;
				LD_RUNPATH_SEARCH_PATHS = (
					"$(inherited)",
					"@executable_path/Frameworks",
				);
				PRODUCT_BUNDLE_IDENTIFIER = "com.lambton.C0778923-MidTerm-MAD3115W2020";
				PRODUCT_NAME = "$(TARGET_NAME)";
				SWIFT_VERSION = 5.0;
				TARGETED_DEVICE_FAMILY = "1,2";
			};
			name = Release;
		};
/* End XCBuildConfiguration section */

/* Begin XCConfigurationList section */
		CA818FFD240F1B6200F026E4 /* Build configuration list for PBXProject "C0778923_MidTerm_MAD3115W2020" */ = {
			isa = XCConfigurationList;
			buildConfigurations = (
				CA819014240F1B6300F026E4 /* Debug */,
				CA819015240F1B6300F026E4 /* Release */,
			);
			defaultConfigurationIsVisible = 0;
			defaultConfigurationName = Release;
		};
		CA819016240F1B6300F026E4 /* Build configuration list for PBXNativeTarget "C0778923_MidTerm_MAD3115W2020" */ = {
			isa = XCConfigurationList;
			buildConfigurations = (
				CA819017240F1B6300F026E4 /* Debug */,
				CA819018240F1B6300F026E4 /* Release */,
			);
			defaultConfigurationIsVisible = 0;
			defaultConfigurationName = Release;
		};
/* End XCConfigurationList section */
	};
	rootObject = CA818FFA240F1B6200F026E4 /* Project object */;
}
